
Microsoft Visual Studio Solution File, Format Version 12.00
# Visual Studio Version 16
VisualStudioVersion = 16.0.33529.622
MinimumVisualStudioVersion = 10.0.40219.1
Project("{FAE04EC0-301F-11D3-BF4B-00C04F79EFBC}") = "RecipeManager", "RecipeManager.csproj", "{95287B4F-EC36-45F9-A657-79BC99E1D6FA}"
EndProject
Global
	GlobalSection(SolutionConfigurationPlatforms) = preSolution
		Debug|Any CPU = Debug|Any CPU
		Release|Any CPU = Release|Any CPU
	EndGlobalSection
	GlobalSection(ProjectConfigurationPlatforms) = postSolution
		{95287B4F-EC36-45F9-A657-79BC99E1D6FA}.Debug|Any CPU.ActiveCfg = Debug|Any CPU
		{95287B4F-EC36-45F9-A657-79BC99E1D6FA}.Debug|Any CPU.Build.0 = Debug|Any CPU
		{95287B4F-EC36-45F9-A657-79BC99E1D6FA}.Release|Any CPU.ActiveCfg = Release|Any CPU
		{95287B4F-EC36-45F9-A657-79BC99E1D6FA}.Release|Any CPU.Build.0 = Release|Any CPU
	EndGlobalSection
	GlobalSection(SolutionProperties) = preSolution
		HideSolutionNode = FALSE
	EndGlobalSection
	GlobalSection(ExtensibilityGlobals) = postSolution
		SolutionGuid = {F50028E4-3365-4235-81A9-913B98FFA16A}
	EndGlobalSection
EndGlobal
